{
  "pins" : [
    {
      "identity" : "bottomsheet",
      "kind" : "remoteSourceControl",
      "location" : "https://github.com/Wouter125/BottomSheet",
      "state" : {
        "revision" : "02f09c1f67b1a12dd26af055ab1135b524f25d75",
        "version" : "1.0.2"
      }
    }
  ],
  "version" : 2
}
